
Microsoft Visual Studio Solution File, Format Version 12.00
# Visual Studio Version 16
VisualStudioVersion = 16.0.29613.14
MinimumVisualStudioVersion = 10.0.40219.1
Project("{8BC9CEB8-8B4A-11D0-8D11-00A0C91BC942}") = "Quick_Sort", "Quick_Sort.vcxproj", "{52402289-286E-4FD2-9F6F-DC8F9A25570E}"
EndProject
Global
	GlobalSection(SolutionConfigurationPlatforms) = preSolution
		Debug|x64 = Debug|x64
		Debug|x86 = Debug|x86
		Release|x64 = Release|x64
		Release|x86 = Release|x86
	EndGlobalSection
	GlobalSection(ProjectConfigurationPlatforms) = postSolution
		{52402289-286E-4FD2-9F6F-DC8F9A25570E}.Debug|x64.ActiveCfg = Debug|x64
		{52402289-286E-4FD2-9F6F-DC8F9A25570E}.Debug|x64.Build.0 = Debug|x64
		{52402289-286E-4FD2-9F6F-DC8F9A25570E}.Debug|x86.ActiveCfg = Debug|Win32
		{52402289-286E-4FD2-9F6F-DC8F9A25570E}.Debug|x86.Build.0 = Debug|Win32
		{52402289-286E-4FD2-9F6F-DC8F9A25570E}.Release|x64.ActiveCfg = Release|x64
		{52402289-286E-4FD2-9F6F-DC8F9A25570E}.Release|x64.Build.0 = Release|x64
		{52402289-286E-4FD2-9F6F-DC8F9A25570E}.Release|x86.ActiveCfg = Release|Win32
		{52402289-286E-4FD2-9F6F-DC8F9A25570E}.Release|x86.Build.0 = Release|Win32
	EndGlobalSection
	GlobalSection(SolutionProperties) = preSolution
		HideSolutionNode = FALSE
	EndGlobalSection
	GlobalSection(ExtensibilityGlobals) = postSolution
		SolutionGuid = {7D76ADE2-1CF7-429A-8BF4-C176A2A2A982}
	EndGlobalSection
EndGlobal
